// !$*UTF8*$!
{
	archiveVersion = 1;
	classes = {
	};
	objectVersion = 46;
	objects = {

/* Begin PBXBuildFile section */
		F495F78F1D734C4900C100D4 /* AppDelegate.swift in Sources */ = {isa = PBXBuildFile; fileRef = F495F78E1D734C4900C100D4 /* AppDelegate.swift */; };
		F495F7911D734C4900C100D4 /* ViewController.swift in Sources */ = {isa = PBXBuildFile; fileRef = F495F7901D734C4900C100D4 /* ViewController.swift */; };
		F495F7941D734C4900C100D4 /* Main.storyboard in Resources */ = {isa = PBXBuildFile; fileRef = F495F7921D734C4900C100D4 /* Main.storyboard */; };
		F495F7961D734C4900C100D4 /* Assets.xcassets in Resources */ = {isa = PBXBuildFile; fileRef = F495F7951D734C4900C100D4 /* Assets.xcassets */; };
		F495F7991D734C4900C100D4 /* LaunchScreen.storyboard in Resources */ = {isa = PBXBuildFile; fileRef = F495F7971D734C4900C100D4 /* LaunchScreen.storyboard */; };
/* End PBXBuildFile section */

/* Begin PBXFileReference section */
		F495F78B1D734C4800C100D4 /* gitTutorial.app */ = {isa = PBXFileReference; explicitFileType = wrapper.application; includeInIndex = 0; path = gitTutorial.app; sourceTree = BUILT_PRODUCTS_DIR; };
		F495F78E1D734C4900C100D4 /* AppDelegate.swift */ = {isa = PBXFileReference; lastKnownFileType = sourcecode.swift; path = AppDelegate.swift; sourceTree = "<group>"; };
		F495F7901D734C4900C100D4 /* ViewController.swift */ = {isa = PBXFileReference; lastKnownFileType = sourcecode.swift; path = ViewController.swift; sourceTree = "<group>"; };
		F495F7931D734C4900C100D4 /* Base */ = {isa = PBXFileReference; lastKnownFileType = file.storyboard; name = Base; path = Base.lproj/Main.storyboard; sourceTree = "<group>"; };
		F495F7951D734C4900C100D4 /* Assets.xcassets */ = {isa = PBXFileReference; lastKnownFileType = folder.assetcatalog; path = Assets.xcassets; sourceTree = "<group>"; };
		F495F7981D734C4900C100D4 /* Base */ = {isa = PBXFileReference; lastKnownFileType = file.storyboard; name = Base; path = Base.lproj/LaunchScreen.storyboard; sourceTree = "<group>"; };
		F495F79A1D734C4900C100D4 /* Info.plist */ = {isa = PBXFileReference; lastKnownFileType = text.plist.xml; path = Info.plist; sourceTree = "<group>"; };
/* End PBXFileReference section */

/* Begin PBXFrameworksBuildPhase section */
		F495F7881D734C4800C100D4 /* Frameworks */ = {
			isa = PBXFrameworksBuildPhase;
			buildActionMask = 2147483647;
			files = (
			);
			runOnlyForDeploymentPostprocessing = 0;
		};
/* End PBXFrameworksBuildPhase section */

/* Begin PBXGroup section */
		F495F7821D734C4800C100D4 = {
			isa = PBXGroup;
			children = (
				F495F78D1D734C4900C100D4 /* gitTutorial */,
				F495F78C1D734C4800C100D4 /* Products */,
			);
			sourceTree = "<group>";
		};
		F495F78C1D734C4800C100D4 /* Products */ = {
			isa = PBXGroup;
			children = (
				F495F78B1D734C4800C100D4 /* gitTutorial.app */,
			);
			name = Products;
			sourceTree = "<group>";
		};
		F495F78D1D734C4900C100D4 /* gitTutorial */ = {
			isa = PBXGroup;
			children = (
				F495F78E1D734C4900C100D4 /* AppDelegate.swift */,
				F495F7901D734C4900C100D4 /* ViewController.swift */,
				F495F7921D734C4900C100D4 /* Main.storyboard */,
				F495F7951D734C4900C100D4 /* Assets.xcassets */,
				F495F7971D734C4900C100D4 /* LaunchScreen.storyboard */,
				F495F79A1D734C4900C100D4 /* Info.plist */,
			);
			path = gitTutorial;
			sourceTree = "<group>";
		};
/* End PBXGroup section */

/* Begin PBXNativeTarget section */
		F495F78A1D734C4800C100D4 /* gitTutorial */ = {
			isa = PBXNativeTarget;
			buildConfigurationList = F495F79D1D734C4900C100D4 /* Build configuration list for PBXNativeTarget "gitTutorial" */;
			buildPhases = (
				F495F7871D734C4800C100D4 /* Sources */,
				F495F7881D734C4800C100D4 /* Frameworks */,
				F495F7891D734C4800C100D4 /* Resources */,
			);
			buildRules = (
			);
			dependencies = (
			);
			name = gitTutorial;
			productName = gitTutorial;
			productReference = F495F78B1D734C4800C100D4 /* gitTutorial.app */;
			productType = "com.apple.product-type.application";
		};
/* End PBXNativeTarget section */

/* Begin PBXProject section */
		F495F7831D734C4800C100D4 /* Project object */ = {
			isa = PBXProject;
			attributes = {
				LastSwiftUpdateCheck = 0730;
				LastUpgradeCheck = 0730;
				ORGANIZATIONNAME = "Jeff Meehan";
				TargetAttributes = {
					F495F78A1D734C4800C100D4 = {
						CreatedOnToolsVersion = 7.3.1;
					};
				};
			};
			buildConfigurationList = F495F7861D734C4800C100D4 /* Build configuration list for PBXProject "gitTutorial" */;
			compatibilityVersion = "Xcode 3.2";
			developmentRegion = English;
			hasScannedForEncodings = 0;
			knownRegions = (
				en,
				Base,
			);
			mainGroup = F495F7821D734C4800C100D4;
			productRefGroup = F495F78C1D734C4800C100D4 /* Products */;
			projectDirPath = "";
			projectRoot = "";
			targets = (
				F495F78A1D734C4800C100D4 /* gitTutorial */,
			);
		};
/* End PBXProject section */

/* Begin PBXResourcesBuildPhase section */
		F495F7891D734C4800C100D4 /* Resources */ = {
			isa = PBXResourcesBuildPhase;
			buildActionMask = 2147483647;
			files = (
				F495F7991D734C4900C100D4 /* LaunchScreen.storyboard in Resources */,
				F495F7961D734C4900C100D4 /* Assets.xcassets in Resources */,
				F495F7941D734C4900C100D4 /* Main.storyboard in Resources */,
			);
			runOnlyForDeploymentPostprocessing = 0;
		};
/* End PBXResourcesBuildPhase section */

/* Begin PBXSourcesBuildPhase section */
		F495F7871D734C4800C100D4 /* Sources */ = {
			isa = PBXSourcesBuildPhase;
			buildActionMask = 2147483647;
			files = (
				F495F7911D734C4900C100D4 /* ViewController.swift in Sources */,
				F495F78F1D734C4900C100D4 /* AppDelegate.swift in Sources */,
			);
			runOnlyForDeploymentPostprocessing = 0;
		};
/* End PBXSourcesBuildPhase section */

/* Begin PBXVariantGroup section */
		F495F7921D734C4900C100D4 /* Main.storyboard */ = {
			isa = PBXVariantGroup;
			children = (
				F495F7931D734C4900C100D4 /* Base */,
			);
			name = Main.storyboard;
			sourceTree = "<group>";
		};
		F495F7971D734C4900C100D4 /* LaunchScreen.storyboard */ = {
			isa = PBXVariantGroup;
			children = (
				F495F7981D734C4900C100D4 /* Base */,
			);
			name = LaunchScreen.storyboard;
			sourceTree = "<group>";
		};
/* End PBXVariantGroup section */

/* Begin XCBuildConfiguration section */
		F495F79B1D734C4900C100D4 /* Debug */ = {
			isa = XCBuildConfiguration;
			buildSettings = {
				ALWAYS_SEARCH_USER_PATHS = NO;
				CLANG_ANALYZER_NONNULL = YES;
				CLANG_CXX_LANGUAGE_STANDARD = "gnu++0x";
				CLANG_CXX_LIBRARY = "libc++";
				CLANG_ENABLE_MODULES = YES;
				CLANG_ENABLE_OBJC_ARC = YES;
				CLANG_WARN_BOOL_CONVERSION = YES;
				CLANG_WARN_CONSTANT_CONVERSION = YES;
				CLANG_WARN_DIRECT_OBJC_ISA_USAGE = YES_ERROR;
				CLANG_WARN_EMPTY_BODY = YES;
				CLANG_WARN_ENUM_CONVERSION = YES;
				CLANG_WARN_INT_CONVERSION = YES;
				CLANG_WARN_OBJC_ROOT_CLASS = YES_ERROR;
				CLANG_WARN_UNREACHABLE_CODE = YES;
				CLANG_WARN__DUPLICATE_METHOD_MATCH = YES;
				"CODE_SIGN_IDENTITY[sdk=iphoneos*]" = "iPhone Developer";
				COPY_PHASE_STRIP = NO;
				DEBUG_INFORMATION_FORMAT = dwarf;
				ENABLE_STRICT_OBJC_MSGSEND = YES;
				ENABLE_TESTABILITY = YES;
				GCC_C_LANGUAGE_STANDARD = gnu99;
				GCC_DYNAMIC_NO_PIC = NO;
				GCC_NO_COMMON_BLOCKS = YES;
				GCC_OPTIMIZATION_LEVEL = 0;
				GCC_PREPROCESSOR_DEFINITIONS = (
					"DEBUG=1",
					"$(inherited)",
				);
				GCC_WARN_64_TO_32_BIT_CONVERSION = YES;
				GCC_WARN_ABOUT_RETURN_TYPE = YES_ERROR;
				GCC_WARN_UNDECLARED_SELECTOR = YES;
				GCC_WARN_UNINITIALIZED_AUTOS = YES_AGGRESSIVE;
				GCC_WARN_UNUSED_FUNCTION = YES;
				GCC_WARN_UNUSED_VARIABLE = YES;
				IPHONEOS_DEPLOYMENT_TARGET = 9.3;
				MTL_ENABLE_DEBUG_INFO = YES;
				ONLY_ACTIVE_ARCH = YES;
				SDKROOT = iphoneos;
				SWIFT_OPTIMIZATION_LEVEL = "-Onone";
			};
			name = Debug;
		};
		F495F79C1D734C4900C100D4 /* Release */ = {
			isa = XCBuildConfiguration;
			buildSettings = {
				ALWAYS_SEARCH_USER_PATHS = NO;
				CLANG_ANALYZER_NONNULL = YES;
				CLANG_CXX_LANGUAGE_STANDARD = "gnu++0x";
				CLANG_CXX_LIBRARY = "libc++";
				CLANG_ENABLE_MODULES = YES;
				CLANG_ENABLE_OBJC_ARC = YES;
				CLANG_WARN_BOOL_CONVERSION = YES;
				CLANG_WARN_CONSTANT_CONVERSION = YES;
				CLANG_WARN_DIRECT_OBJC_ISA_USAGE = YES_ERROR;
				CLANG_WARN_EMPTY_BODY = YES;
				CLANG_WARN_ENUM_CONVERSION = YES;
				CLANG_WARN_INT_CONVERSION = YES;
				CLANG_WARN_OBJC_ROOT_CLASS = YES_ERROR;
				CLANG_WARN_UNREACHABLE_CODE = YES;
				CLANG_WARN__DUPLICATE_METHOD_MATCH = YES;
				"CODE_SIGN_IDENTITY[sdk=iphoneos*]" = "iPhone Developer";
				COPY_PHASE_STRIP = NO;
				DEBUG_INFORMATION_FORMAT = "dwarf-with-dsym";
				ENABLE_NS_ASSERTIONS = NO;
				ENABLE_STRICT_OBJC_MSGSEND = YES;
				GCC_C_LANGUAGE_STANDARD = gnu99;
				GCC_NO_COMMON_BLOCKS = YES;
				GCC_WARN_64_TO_32_BIT_CONVERSION = YES;
				GCC_WARN_ABOUT_RETURN_TYPE = YES_ERROR;
				GCC_WARN_UNDECLARED_SELECTOR = YES;
				GCC_WARN_UNINITIALIZED_AUTOS = YES_AGGRESSIVE;
				GCC_WARN_UNUSED_FUNCTION = YES;
				GCC_WARN_UNUSED_VARIABLE = YES;
				IPHONEOS_DEPLOYMENT_TARGET = 9.3;
				MTL_ENABLE_DEBUG_INFO = NO;
				SDKROOT = iphoneos;
				VALIDATE_PRODUCT = YES;
			};
			name = Release;
		};
		F495F79E1D734C4900C100D4 /* Debug */ = {
			isa = XCBuildConfiguration;
			buildSettings = {
				ASSETCATALOG_COMPILER_APPICON_NAME = AppIcon;
				INFOPLIST_FILE = gitTutorial/Info.plist;
				LD_RUNPATH_SEARCH_PATHS = "$(inherited) @executable_path/Frameworks";
				PRODUCT_BUNDLE_IDENTIFIER = com.jeffmeehan.gitTutorial;
				PRODUCT_NAME = "$(TARGET_NAME)";
			};
			name = Debug;
		};
		F495F79F1D734C4900C100D4 /* Release */ = {
			isa = XCBuildConfiguration;
			buildSettings = {
				ASSETCATALOG_COMPILER_APPICON_NAME = AppIcon;
				INFOPLIST_FILE = gitTutorial/Info.plist;
				LD_RUNPATH_SEARCH_PATHS = "$(inherited) @executable_path/Frameworks";
				PRODUCT_BUNDLE_IDENTIFIER = com.jeffmeehan.gitTutorial;
				PRODUCT_NAME = "$(TARGET_NAME)";
			};
			name = Release;
		};
/* End XCBuildConfiguration section */

/* Begin XCConfigurationList section */
		F495F7861D734C4800C100D4 /* Build configuration list for PBXProject "gitTutorial" */ = {
			isa = XCConfigurationList;
			buildConfigurations = (
				F495F79B1D734C4900C100D4 /* Debug */,
				F495F79C1D734C4900C100D4 /* Release */,
			);
			defaultConfigurationIsVisible = 0;
			defaultConfigurationName = Release;
		};
		F495F79D1D734C4900C100D4 /* Build configuration list for PBXNativeTarget "gitTutorial" */ = {
			isa = XCConfigurationList;
			buildConfigurations = (
				F495F79E1D734C4900C100D4 /* Debug */,
				F495F79F1D734C4900C100D4 /* Release */,
			);
			defaultConfigurationIsVisible = 0;
		};
/* End XCConfigurationList section */
	};
	rootObject = F495F7831D734C4800C100D4 /* Project object */;
}
